
Microsoft Visual Studio Solution File, Format Version 12.00
# Visual Studio 2013
VisualStudioVersion = 12.0.30723.0
MinimumVisualStudioVersion = 10.0.40219.1
Project("{FAE04EC0-301F-11D3-BF4B-00C04F79EFBC}") = "Project", "Project\Project.csproj", "{F90D7AEA-8AD1-40B7-ADD1-1744AF161B22}"
EndProject
Project("{FAE04EC0-301F-11D3-BF4B-00C04F79EFBC}") = "FacebookTools", "FacebookTools\FacebookTools.csproj", "{28DB8A1D-C517-4E7F-B336-2B5DB78F4349}"
EndProject
Project("{FAE04EC0-301F-11D3-BF4B-00C04F79EFBC}") = "Analyst", "Analyst\Analyst.csproj", "{52EDDF57-43DF-441A-BD5C-9F9822C42B45}"
EndProject
Project("{FAE04EC0-301F-11D3-BF4B-00C04F79EFBC}") = "OxfordTools", "OxfordTools\OxfordTools.csproj", "{EB91648C-54F8-4EA0-BC97-EEEC264AE29E}"
EndProject
Project("{FAE04EC0-301F-11D3-BF4B-00C04F79EFBC}") = "DbHandler", "DbHandler\DbHandler.csproj", "{1C64E62B-DC9B-403F-84B5-CF4C6F5873D1}"
EndProject
Project("{FAE04EC0-301F-11D3-BF4B-00C04F79EFBC}") = "MyLogger", "MyLogger\MyLogger.csproj", "{C5613582-1441-4111-AC8B-EB507731E329}"
EndProject
Global
	GlobalSection(SolutionConfigurationPlatforms) = preSolution
		Debug|Any CPU = Debug|Any CPU
		Release|Any CPU = Release|Any CPU
	EndGlobalSection
	GlobalSection(ProjectConfigurationPlatforms) = postSolution
		{F90D7AEA-8AD1-40B7-ADD1-1744AF161B22}.Debug|Any CPU.ActiveCfg = Debug|Any CPU
		{F90D7AEA-8AD1-40B7-ADD1-1744AF161B22}.Debug|Any CPU.Build.0 = Debug|Any CPU
		{F90D7AEA-8AD1-40B7-ADD1-1744AF161B22}.Release|Any CPU.ActiveCfg = Release|Any CPU
		{F90D7AEA-8AD1-40B7-ADD1-1744AF161B22}.Release|Any CPU.Build.0 = Release|Any CPU
		{28DB8A1D-C517-4E7F-B336-2B5DB78F4349}.Debug|Any CPU.ActiveCfg = Debug|Any CPU
		{28DB8A1D-C517-4E7F-B336-2B5DB78F4349}.Debug|Any CPU.Build.0 = Debug|Any CPU
		{28DB8A1D-C517-4E7F-B336-2B5DB78F4349}.Release|Any CPU.ActiveCfg = Release|Any CPU
		{28DB8A1D-C517-4E7F-B336-2B5DB78F4349}.Release|Any CPU.Build.0 = Release|Any CPU
		{52EDDF57-43DF-441A-BD5C-9F9822C42B45}.Debug|Any CPU.ActiveCfg = Debug|Any CPU
		{52EDDF57-43DF-441A-BD5C-9F9822C42B45}.Debug|Any CPU.Build.0 = Debug|Any CPU
		{52EDDF57-43DF-441A-BD5C-9F9822C42B45}.Release|Any CPU.ActiveCfg = Release|Any CPU
		{52EDDF57-43DF-441A-BD5C-9F9822C42B45}.Release|Any CPU.Build.0 = Release|Any CPU
		{EB91648C-54F8-4EA0-BC97-EEEC264AE29E}.Debug|Any CPU.ActiveCfg = Debug|Any CPU
		{EB91648C-54F8-4EA0-BC97-EEEC264AE29E}.Debug|Any CPU.Build.0 = Debug|Any CPU
		{EB91648C-54F8-4EA0-BC97-EEEC264AE29E}.Release|Any CPU.ActiveCfg = Release|Any CPU
		{EB91648C-54F8-4EA0-BC97-EEEC264AE29E}.Release|Any CPU.Build.0 = Release|Any CPU
		{1C64E62B-DC9B-403F-84B5-CF4C6F5873D1}.Debug|Any CPU.ActiveCfg = Debug|Any CPU
		{1C64E62B-DC9B-403F-84B5-CF4C6F5873D1}.Debug|Any CPU.Build.0 = Debug|Any CPU
		{1C64E62B-DC9B-403F-84B5-CF4C6F5873D1}.Release|Any CPU.ActiveCfg = Release|Any CPU
		{1C64E62B-DC9B-403F-84B5-CF4C6F5873D1}.Release|Any CPU.Build.0 = Release|Any CPU
		{C5613582-1441-4111-AC8B-EB507731E329}.Debug|Any CPU.ActiveCfg = Debug|Any CPU
		{C5613582-1441-4111-AC8B-EB507731E329}.Debug|Any CPU.Build.0 = Debug|Any CPU
		{C5613582-1441-4111-AC8B-EB507731E329}.Release|Any CPU.ActiveCfg = Release|Any CPU
		{C5613582-1441-4111-AC8B-EB507731E329}.Release|Any CPU.Build.0 = Release|Any CPU
	EndGlobalSection
	GlobalSection(SolutionProperties) = preSolution
		HideSolutionNode = FALSE
	EndGlobalSection
EndGlobal
